
Microsoft Visual Studio Solution File, Format Version 11.00
# Visual C# Express 2010
Project("{FAE04EC0-301F-11D3-BF4B-00C04F79EFBC}") = "MoopQuestions", "MoopQuestions\MoopQuestions.csproj", "{0B87BE4E-EBBF-44D8-AADB-865B676C0D9B}"
EndProject
Project("{FAE04EC0-301F-11D3-BF4B-00C04F79EFBC}") = "Moopthing", "Moopthing\Moopthing.csproj", "{324BD3D7-A44B-4405-BDE8-752BAFB85F18}"
EndProject
Project("{FAE04EC0-301F-11D3-BF4B-00C04F79EFBC}") = "MoopAWhile", "ConsoleApplication1\MoopAWhile.csproj", "{A8120B34-FFF5-439D-BDF1-56FD7FE27A47}"
EndProject
Project("{FAE04EC0-301F-11D3-BF4B-00C04F79EFBC}") = "MoopIssison", "ConsoleApplication2\MoopIssison.csproj", "{C9EAF1C5-277B-4190-B4EB-D7A40B7BDFA8}"
EndProject
Project("{FAE04EC0-301F-11D3-BF4B-00C04F79EFBC}") = "Moopagrams", "Moopagrams\Moopagrams.csproj", "{D3F7F4CA-925D-4998-AF93-AA5DEF9EE837}"
EndProject
Project("{FAE04EC0-301F-11D3-BF4B-00C04F79EFBC}") = "MOOPonents", "MOOPonents\MOOPonents.csproj", "{C60A3B09-D3F8-4A64-BFF6-6D9807A59308}"
EndProject
Global
	GlobalSection(SolutionConfigurationPlatforms) = preSolution
		Debug|x86 = Debug|x86
		Release|x86 = Release|x86
	EndGlobalSection
	GlobalSection(ProjectConfigurationPlatforms) = postSolution
		{0B87BE4E-EBBF-44D8-AADB-865B676C0D9B}.Debug|x86.ActiveCfg = Debug|x86
		{0B87BE4E-EBBF-44D8-AADB-865B676C0D9B}.Debug|x86.Build.0 = Debug|x86
		{0B87BE4E-EBBF-44D8-AADB-865B676C0D9B}.Release|x86.ActiveCfg = Release|x86
		{0B87BE4E-EBBF-44D8-AADB-865B676C0D9B}.Release|x86.Build.0 = Release|x86
		{324BD3D7-A44B-4405-BDE8-752BAFB85F18}.Debug|x86.ActiveCfg = Debug|x86
		{324BD3D7-A44B-4405-BDE8-752BAFB85F18}.Debug|x86.Build.0 = Debug|x86
		{324BD3D7-A44B-4405-BDE8-752BAFB85F18}.Release|x86.ActiveCfg = Release|x86
		{324BD3D7-A44B-4405-BDE8-752BAFB85F18}.Release|x86.Build.0 = Release|x86
		{A8120B34-FFF5-439D-BDF1-56FD7FE27A47}.Debug|x86.ActiveCfg = Debug|x86
		{A8120B34-FFF5-439D-BDF1-56FD7FE27A47}.Debug|x86.Build.0 = Debug|x86
		{A8120B34-FFF5-439D-BDF1-56FD7FE27A47}.Release|x86.ActiveCfg = Release|x86
		{A8120B34-FFF5-439D-BDF1-56FD7FE27A47}.Release|x86.Build.0 = Release|x86
		{C9EAF1C5-277B-4190-B4EB-D7A40B7BDFA8}.Debug|x86.ActiveCfg = Debug|x86
		{C9EAF1C5-277B-4190-B4EB-D7A40B7BDFA8}.Debug|x86.Build.0 = Debug|x86
		{C9EAF1C5-277B-4190-B4EB-D7A40B7BDFA8}.Release|x86.ActiveCfg = Release|x86
		{C9EAF1C5-277B-4190-B4EB-D7A40B7BDFA8}.Release|x86.Build.0 = Release|x86
		{D3F7F4CA-925D-4998-AF93-AA5DEF9EE837}.Debug|x86.ActiveCfg = Debug|x86
		{D3F7F4CA-925D-4998-AF93-AA5DEF9EE837}.Debug|x86.Build.0 = Debug|x86
		{D3F7F4CA-925D-4998-AF93-AA5DEF9EE837}.Release|x86.ActiveCfg = Release|x86
		{D3F7F4CA-925D-4998-AF93-AA5DEF9EE837}.Release|x86.Build.0 = Release|x86
		{C60A3B09-D3F8-4A64-BFF6-6D9807A59308}.Debug|x86.ActiveCfg = Debug|x86
		{C60A3B09-D3F8-4A64-BFF6-6D9807A59308}.Debug|x86.Build.0 = Debug|x86
		{C60A3B09-D3F8-4A64-BFF6-6D9807A59308}.Release|x86.ActiveCfg = Release|x86
		{C60A3B09-D3F8-4A64-BFF6-6D9807A59308}.Release|x86.Build.0 = Release|x86
	EndGlobalSection
	GlobalSection(SolutionProperties) = preSolution
		HideSolutionNode = FALSE
	EndGlobalSection
EndGlobal
